
Microsoft Visual Studio Solution File, Format Version 12.00
# Visual Studio Version 17
VisualStudioVersion = 17.2.32516.85
MinimumVisualStudioVersion = 10.0.40219.1
Project("{FAE04EC0-301F-11D3-BF4B-00C04F79EFBC}") = "crp-api", "crp-api.csproj", "{31C00EE3-7420-4D8A-A6F5-5E6960792E89}"
EndProject
Global
	GlobalSection(SolutionConfigurationPlatforms) = preSolution
		Debug|Any CPU = Debug|Any CPU
		Release|Any CPU = Release|Any CPU
	EndGlobalSection
	GlobalSection(ProjectConfigurationPlatforms) = postSolution
		{31C00EE3-7420-4D8A-A6F5-5E6960792E89}.Debug|Any CPU.ActiveCfg = Debug|Any CPU
		{31C00EE3-7420-4D8A-A6F5-5E6960792E89}.Debug|Any CPU.Build.0 = Debug|Any CPU
		{31C00EE3-7420-4D8A-A6F5-5E6960792E89}.Release|Any CPU.ActiveCfg = Release|Any CPU
		{31C00EE3-7420-4D8A-A6F5-5E6960792E89}.Release|Any CPU.Build.0 = Release|Any CPU
	EndGlobalSection
	GlobalSection(SolutionProperties) = preSolution
		HideSolutionNode = FALSE
	EndGlobalSection
	GlobalSection(ExtensibilityGlobals) = postSolution
		SolutionGuid = {9642455A-E71A-4ACD-88F1-B069BEBB0C73}
	EndGlobalSection
EndGlobal
